github.com/database64128/shadowsocks-go v1.14.0 h1:cTnPdBoX6nxnKTmpfLxzAtcY4IYNu7+EAjg1cOUd1jE=
github.com/database64128/shadowsocks-go v1.14.0/go.mod h1:7YdGf2MI1fHIlou3jH8FUA5FM7Vyoqhcfe802XuFjm4=
golang.org/x/sys v0.33.0 h1:q3i8TbbEz+JRD9ywIRlyRAQbM0qF7hu24q3teo2hbuw=
golang.org/x/sys v0.33.0/go.mod h1:BJP2sWEmIv4KK5OTEluFJCKSidICx8ciO85XgH3Ak8k=
